
Microsoft Visual Studio Solution File, Format Version 12.00
# Visual Studio Version 17
VisualStudioVersion = 17.5.002.0
MinimumVisualStudioVersion = 10.0.40219.1
Project("{9A19103F-16F7-4668-BE54-9A1E7A4F7556}") = "TemperatureConverter", "TemperatureConverter.csproj", "{CF449199-575A-40EC-88B8-32B0FBC64D45}"
EndProject
Global
	GlobalSection(SolutionConfigurationPlatforms) = preSolution
		Debug|Any CPU = Debug|Any CPU
		Release|Any CPU = Release|Any CPU
	EndGlobalSection
	GlobalSection(ProjectConfigurationPlatforms) = postSolution
		{CF449199-575A-40EC-88B8-32B0FBC64D45}.Debug|Any CPU.ActiveCfg = Debug|Any CPU
		{CF449199-575A-40EC-88B8-32B0FBC64D45}.Debug|Any CPU.Build.0 = Debug|Any CPU
		{CF449199-575A-40EC-88B8-32B0FBC64D45}.Release|Any CPU.ActiveCfg = Release|Any CPU
		{CF449199-575A-40EC-88B8-32B0FBC64D45}.Release|Any CPU.Build.0 = Release|Any CPU
	EndGlobalSection
	GlobalSection(SolutionProperties) = preSolution
		HideSolutionNode = FALSE
	EndGlobalSection
	GlobalSection(ExtensibilityGlobals) = postSolution
		SolutionGuid = {4F66F093-D689-45D3-B779-A3B189649D1B}
	EndGlobalSection
EndGlobal
